
Microsoft Visual Studio Solution File, Format Version 12.00
# Visual Studio Version 17
VisualStudioVersion = 17.5.33516.290
MinimumVisualStudioVersion = 10.0.40219.1
Project("{FAE04EC0-301F-11D3-BF4B-00C04F79EFBC}") = "MVCMenu", "MVCMenu\MVCMenu.csproj", "{19BA4BBE-6C48-4BD8-854B-38BE216F7A3D}"
EndProject
Global
	GlobalSection(SolutionConfigurationPlatforms) = preSolution
		Debug|Any CPU = Debug|Any CPU
		Release|Any CPU = Release|Any CPU
	EndGlobalSection
	GlobalSection(ProjectConfigurationPlatforms) = postSolution
		{19BA4BBE-6C48-4BD8-854B-38BE216F7A3D}.Debug|Any CPU.ActiveCfg = Debug|Any CPU
		{19BA4BBE-6C48-4BD8-854B-38BE216F7A3D}.Debug|Any CPU.Build.0 = Debug|Any CPU
		{19BA4BBE-6C48-4BD8-854B-38BE216F7A3D}.Release|Any CPU.ActiveCfg = Release|Any CPU
		{19BA4BBE-6C48-4BD8-854B-38BE216F7A3D}.Release|Any CPU.Build.0 = Release|Any CPU
	EndGlobalSection
	GlobalSection(SolutionProperties) = preSolution
		HideSolutionNode = FALSE
	EndGlobalSection
	GlobalSection(ExtensibilityGlobals) = postSolution
		SolutionGuid = {6CEBD381-38E8-4974-911D-FEA8AF79847F}
	EndGlobalSection
EndGlobal
